// !$*UTF8*$!
{
	archiveVersion = 1;
	classes = {
	};
	objectVersion = 55;
	objects = {

/* Begin PBXBuildFile section */
		E3045787286D63BA00B373AD /* AppDelegate.swift in Sources */ = {isa = PBXBuildFile; fileRef = E3045786286D63BA00B373AD /* AppDelegate.swift */; };
		E3045789286D63BA00B373AD /* SceneDelegate.swift in Sources */ = {isa = PBXBuildFile; fileRef = E3045788286D63BA00B373AD /* SceneDelegate.swift */; };
		E304578B286D63BA00B373AD /* ViewController.swift in Sources */ = {isa = PBXBuildFile; fileRef = E304578A286D63BA00B373AD /* ViewController.swift */; };
		E304578E286D63BA00B373AD /* Main.storyboard in Resources */ = {isa = PBXBuildFile; fileRef = E304578C286D63BA00B373AD /* Main.storyboard */; };
		E3045791286D63BA00B373AD /* EsteeLauderAppChallenge.xcdatamodeld in Sources */ = {isa = PBXBuildFile; fileRef = E304578F286D63BA00B373AD /* EsteeLauderAppChallenge.xcdatamodeld */; };
		E3045793286D63BC00B373AD /* Assets.xcassets in Resources */ = {isa = PBXBuildFile; fileRef = E3045792286D63BC00B373AD /* Assets.xcassets */; };
		E3045796286D63BC00B373AD /* LaunchScreen.storyboard in Resources */ = {isa = PBXBuildFile; fileRef = E3045794286D63BC00B373AD /* LaunchScreen.storyboard */; };
		E30457A1286D63BC00B373AD /* EsteeLauderAppChallengeTests.swift in Sources */ = {isa = PBXBuildFile; fileRef = E30457A0286D63BC00B373AD /* EsteeLauderAppChallengeTests.swift */; };
		E30457AB286D63BC00B373AD /* EsteeLauderAppChallengeUITests.swift in Sources */ = {isa = PBXBuildFile; fileRef = E30457AA286D63BC00B373AD /* EsteeLauderAppChallengeUITests.swift */; };
		E30457AD286D63BC00B373AD /* EsteeLauderAppChallengeUITestsLaunchTests.swift in Sources */ = {isa = PBXBuildFile; fileRef = E30457AC286D63BC00B373AD /* EsteeLauderAppChallengeUITestsLaunchTests.swift */; };
		E3C07398286E4DE300D638B6 /* YouViewController.swift in Sources */ = {isa = PBXBuildFile; fileRef = E3C07397286E4DE300D638B6 /* YouViewController.swift */; };
/* End PBXBuildFile section */

/* Begin PBXContainerItemProxy section */
		E304579D286D63BC00B373AD /* PBXContainerItemProxy */ = {
			isa = PBXContainerItemProxy;
			containerPortal = E304577B286D63BA00B373AD /* Project object */;
			proxyType = 1;
			remoteGlobalIDString = E3045782286D63BA00B373AD;
			remoteInfo = EsteeLauderAppChallenge;
		};
		E30457A7286D63BC00B373AD /* PBXContainerItemProxy */ = {
			isa = PBXContainerItemProxy;
			containerPortal = E304577B286D63BA00B373AD /* Project object */;
			proxyType = 1;
			remoteGlobalIDString = E3045782286D63BA00B373AD;
			remoteInfo = EsteeLauderAppChallenge;
		};
/* End PBXContainerItemProxy section */

/* Begin PBXFileReference section */
		E3045783286D63BA00B373AD /* EsteeLauderAppChallenge.app */ = {isa = PBXFileReference; explicitFileType = wrapper.application; includeInIndex = 0; path = EsteeLauderAppChallenge.app; sourceTree = BUILT_PRODUCTS_DIR; };
		E3045786286D63BA00B373AD /* AppDelegate.swift */ = {isa = PBXFileReference; lastKnownFileType = sourcecode.swift; path = AppDelegate.swift; sourceTree = "<group>"; };
		E3045788286D63BA00B373AD /* SceneDelegate.swift */ = {isa = PBXFileReference; lastKnownFileType = sourcecode.swift; path = SceneDelegate.swift; sourceTree = "<group>"; };
		E304578A286D63BA00B373AD /* ViewController.swift */ = {isa = PBXFileReference; lastKnownFileType = sourcecode.swift; path = ViewController.swift; sourceTree = "<group>"; };
		E304578D286D63BA00B373AD /* Base */ = {isa = PBXFileReference; lastKnownFileType = file.storyboard; name = Base; path = Base.lproj/Main.storyboard; sourceTree = "<group>"; };
		E3045790286D63BA00B373AD /* EsteeLauderAppChallenge.xcdatamodel */ = {isa = PBXFileReference; lastKnownFileType = wrapper.xcdatamodel; path = EsteeLauderAppChallenge.xcdatamodel; sourceTree = "<group>"; };
		E3045792286D63BC00B373AD /* Assets.xcassets */ = {isa = PBXFileReference; lastKnownFileType = folder.assetcatalog; path = Assets.xcassets; sourceTree = "<group>"; };
		E3045795286D63BC00B373AD /* Base */ = {isa = PBXFileReference; lastKnownFileType = file.storyboard; name = Base; path = Base.lproj/LaunchScreen.storyboard; sourceTree = "<group>"; };
		E3045797286D63BC00B373AD /* Info.plist */ = {isa = PBXFileReference; lastKnownFileType = text.plist.xml; path = Info.plist; sourceTree = "<group>"; };
		E304579C286D63BC00B373AD /* EsteeLauderAppChallengeTests.xctest */ = {isa = PBXFileReference; explicitFileType = wrapper.cfbundle; includeInIndex = 0; path = EsteeLauderAppChallengeTests.xctest; sourceTree = BUILT_PRODUCTS_DIR; };
		E30457A0286D63BC00B373AD /* EsteeLauderAppChallengeTests.swift */ = {isa = PBXFileReference; lastKnownFileType = sourcecode.swift; path = EsteeLauderAppChallengeTests.swift; sourceTree = "<group>"; };
		E30457A6286D63BC00B373AD /* EsteeLauderAppChallengeUITests.xctest */ = {isa = PBXFileReference; explicitFileType = wrapper.cfbundle; includeInIndex = 0; path = EsteeLauderAppChallengeUITests.xctest; sourceTree = BUILT_PRODUCTS_DIR; };
		E30457AA286D63BC00B373AD /* EsteeLauderAppChallengeUITests.swift */ = {isa = PBXFileReference; lastKnownFileType = sourcecode.swift; path = EsteeLauderAppChallengeUITests.swift; sourceTree = "<group>"; };
		E30457AC286D63BC00B373AD /* EsteeLauderAppChallengeUITestsLaunchTests.swift */ = {isa = PBXFileReference; lastKnownFileType = sourcecode.swift; path = EsteeLauderAppChallengeUITestsLaunchTests.swift; sourceTree = "<group>"; };
		E3C07397286E4DE300D638B6 /* YouViewController.swift */ = {isa = PBXFileReference; lastKnownFileType = sourcecode.swift; path = YouViewController.swift; sourceTree = "<group>"; };
/* End PBXFileReference section */

/* Begin PBXFrameworksBuildPhase section */
		E3045780286D63BA00B373AD /* Frameworks */ = {
			isa = PBXFrameworksBuildPhase;
			buildActionMask = 2147483647;
			files = (
			);
			runOnlyForDeploymentPostprocessing = 0;
		};
		E3045799286D63BC00B373AD /* Frameworks */ = {
			isa = PBXFrameworksBuildPhase;
			buildActionMask = 2147483647;
			files = (
			);
			runOnlyForDeploymentPostprocessing = 0;
		};
		E30457A3286D63BC00B373AD /* Frameworks */ = {
			isa = PBXFrameworksBuildPhase;
			buildActionMask = 2147483647;
			files = (
			);
			runOnlyForDeploymentPostprocessing = 0;
		};
/* End PBXFrameworksBuildPhase section */

/* Begin PBXGroup section */
		E304577A286D63BA00B373AD = {
			isa = PBXGroup;
			children = (
				E3045785286D63BA00B373AD /* EsteeLauderAppChallenge */,
				E304579F286D63BC00B373AD /* EsteeLauderAppChallengeTests */,
				E30457A9286D63BC00B373AD /* EsteeLauderAppChallengeUITests */,
				E3045784286D63BA00B373AD /* Products */,
			);
			sourceTree = "<group>";
		};
		E3045784286D63BA00B373AD /* Products */ = {
			isa = PBXGroup;
			children = (
				E3045783286D63BA00B373AD /* EsteeLauderAppChallenge.app */,
				E304579C286D63BC00B373AD /* EsteeLauderAppChallengeTests.xctest */,
				E30457A6286D63BC00B373AD /* EsteeLauderAppChallengeUITests.xctest */,
			);
			name = Products;
			sourceTree = "<group>";
		};
		E3045785286D63BA00B373AD /* EsteeLauderAppChallenge */ = {
			isa = PBXGroup;
			children = (
				E3045786286D63BA00B373AD /* AppDelegate.swift */,
				E3045788286D63BA00B373AD /* SceneDelegate.swift */,
				E304578A286D63BA00B373AD /* ViewController.swift */,
				E304578C286D63BA00B373AD /* Main.storyboard */,
				E3C07397286E4DE300D638B6 /* YouViewController.swift */,
				E3045792286D63BC00B373AD /* Assets.xcassets */,
				E3045794286D63BC00B373AD /* LaunchScreen.storyboard */,
				E3045797286D63BC00B373AD /* Info.plist */,
				E304578F286D63BA00B373AD /* EsteeLauderAppChallenge.xcdatamodeld */,
			);
			path = EsteeLauderAppChallenge;
			sourceTree = "<group>";
		};
		E304579F286D63BC00B373AD /* EsteeLauderAppChallengeTests */ = {
			isa = PBXGroup;
			children = (
				E30457A0286D63BC00B373AD /* EsteeLauderAppChallengeTests.swift */,
			);
			path = EsteeLauderAppChallengeTests;
			sourceTree = "<group>";
		};
		E30457A9286D63BC00B373AD /* EsteeLauderAppChallengeUITests */ = {
			isa = PBXGroup;
			children = (
				E30457AA286D63BC00B373AD /* EsteeLauderAppChallengeUITests.swift */,
				E30457AC286D63BC00B373AD /* EsteeLauderAppChallengeUITestsLaunchTests.swift */,
			);
			path = EsteeLauderAppChallengeUITests;
			sourceTree = "<group>";
		};
/* End PBXGroup section */

/* Begin PBXNativeTarget section */
		E3045782286D63BA00B373AD /* EsteeLauderAppChallenge */ = {
			isa = PBXNativeTarget;
			buildConfigurationList = E30457B0286D63BC00B373AD /* Build configuration list for PBXNativeTarget "EsteeLauderAppChallenge" */;
			buildPhases = (
				E304577F286D63BA00B373AD /* Sources */,
				E3045780286D63BA00B373AD /* Frameworks */,
				E3045781286D63BA00B373AD /* Resources */,
			);
			buildRules = (
			);
			dependencies = (
			);
			name = EsteeLauderAppChallenge;
			productName = EsteeLauderAppChallenge;
			productReference = E3045783286D63BA00B373AD /* EsteeLauderAppChallenge.app */;
			productType = "com.apple.product-type.application";
		};
		E304579B286D63BC00B373AD /* EsteeLauderAppChallengeTests */ = {
			isa = PBXNativeTarget;
			buildConfigurationList = E30457B3286D63BC00B373AD /* Build configuration list for PBXNativeTarget "EsteeLauderAppChallengeTests" */;
			buildPhases = (
				E3045798286D63BC00B373AD /* Sources */,
				E3045799286D63BC00B373AD /* Frameworks */,
				E304579A286D63BC00B373AD /* Resources */,
			);
			buildRules = (
			);
			dependencies = (
				E304579E286D63BC00B373AD /* PBXTargetDependency */,
			);
			name = EsteeLauderAppChallengeTests;
			productName = EsteeLauderAppChallengeTests;
			productReference = E304579C286D63BC00B373AD /* EsteeLauderAppChallengeTests.xctest */;
			productType = "com.apple.product-type.bundle.unit-test";
		};
		E30457A5286D63BC00B373AD /* EsteeLauderAppChallengeUITests */ = {
			isa = PBXNativeTarget;
			buildConfigurationList = E30457B6286D63BC00B373AD /* Build configuration list for PBXNativeTarget "EsteeLauderAppChallengeUITests" */;
			buildPhases = (
				E30457A2286D63BC00B373AD /* Sources */,
				E30457A3286D63BC00B373AD /* Frameworks */,
				E30457A4286D63BC00B373AD /* Resources */,
			);
			buildRules = (
			);
			dependencies = (
				E30457A8286D63BC00B373AD /* PBXTargetDependency */,
			);
			name = EsteeLauderAppChallengeUITests;
			productName = EsteeLauderAppChallengeUITests;
			productReference = E30457A6286D63BC00B373AD /* EsteeLauderAppChallengeUITests.xctest */;
			productType = "com.apple.product-type.bundle.ui-testing";
		};
/* End PBXNativeTarget section */

/* Begin PBXProject section */
		E304577B286D63BA00B373AD /* Project object */ = {
			isa = PBXProject;
			attributes = {
				BuildIndependentTargetsInParallel = 1;
				LastSwiftUpdateCheck = 1340;
				LastUpgradeCheck = 1340;
				TargetAttributes = {
					E3045782286D63BA00B373AD = {
						CreatedOnToolsVersion = 13.4.1;
					};
					E304579B286D63BC00B373AD = {
						CreatedOnToolsVersion = 13.4.1;
						TestTargetID = E3045782286D63BA00B373AD;
					};
					E30457A5286D63BC00B373AD = {
						CreatedOnToolsVersion = 13.4.1;
						TestTargetID = E3045782286D63BA00B373AD;
					};
				};
			};
			buildConfigurationList = E304577E286D63BA00B373AD /* Build configuration list for PBXProject "EsteeLauderAppChallenge" */;
			compatibilityVersion = "Xcode 13.0";
			developmentRegion = en;
			hasScannedForEncodings = 0;
			knownRegions = (
				en,
				Base,
			);
			mainGroup = E304577A286D63BA00B373AD;
			productRefGroup = E3045784286D63BA00B373AD /* Products */;
			projectDirPath = "";
			projectRoot = "";
			targets = (
				E3045782286D63BA00B373AD /* EsteeLauderAppChallenge */,
				E304579B286D63BC00B373AD /* EsteeLauderAppChallengeTests */,
				E30457A5286D63BC00B373AD /* EsteeLauderAppChallengeUITests */,
			);
		};
/* End PBXProject section */

/* Begin PBXResourcesBuildPhase section */
		E3045781286D63BA00B373AD /* Resources */ = {
			isa = PBXResourcesBuildPhase;
			buildActionMask = 2147483647;
			files = (
				E3045796286D63BC00B373AD /* LaunchScreen.storyboard in Resources */,
				E3045793286D63BC00B373AD /* Assets.xcassets in Resources */,
				E304578E286D63BA00B373AD /* Main.storyboard in Resources */,
			);
			runOnlyForDeploymentPostprocessing = 0;
		};
		E304579A286D63BC00B373AD /* Resources */ = {
			isa = PBXResourcesBuildPhase;
			buildActionMask = 2147483647;
			files = (
			);
			runOnlyForDeploymentPostprocessing = 0;
		};
		E30457A4286D63BC00B373AD /* Resources */ = {
			isa = PBXResourcesBuildPhase;
			buildActionMask = 2147483647;
			files = (
			);
			runOnlyForDeploymentPostprocessing = 0;
		};
/* End PBXResourcesBuildPhase section */

/* Begin PBXSourcesBuildPhase section */
		E304577F286D63BA00B373AD /* Sources */ = {
			isa = PBXSourcesBuildPhase;
			buildActionMask = 2147483647;
			files = (
				E304578B286D63BA00B373AD /* ViewController.swift in Sources */,
				E3045787286D63BA00B373AD /* AppDelegate.swift in Sources */,
				E3045789286D63BA00B373AD /* SceneDelegate.swift in Sources */,
				E3045791286D63BA00B373AD /* EsteeLauderAppChallenge.xcdatamodeld in Sources */,
				E3C07398286E4DE300D638B6 /* YouViewController.swift in Sources */,
			);
			runOnlyForDeploymentPostprocessing = 0;
		};
		E3045798286D63BC00B373AD /* Sources */ = {
			isa = PBXSourcesBuildPhase;
			buildActionMask = 2147483647;
			files = (
				E30457A1286D63BC00B373AD /* EsteeLauderAppChallengeTests.swift in Sources */,
			);
			runOnlyForDeploymentPostprocessing = 0;
		};
		E30457A2286D63BC00B373AD /* Sources */ = {
			isa = PBXSourcesBuildPhase;
			buildActionMask = 2147483647;
			files = (
				E30457AD286D63BC00B373AD /* EsteeLauderAppChallengeUITestsLaunchTests.swift in Sources */,
				E30457AB286D63BC00B373AD /* EsteeLauderAppChallengeUITests.swift in Sources */,
			);
			runOnlyForDeploymentPostprocessing = 0;
		};
/* End PBXSourcesBuildPhase section */

/* Begin PBXTargetDependency section */
		E304579E286D63BC00B373AD /* PBXTargetDependency */ = {
			isa = PBXTargetDependency;
			target = E3045782286D63BA00B373AD /* EsteeLauderAppChallenge */;
			targetProxy = E304579D286D63BC00B373AD /* PBXContainerItemProxy */;
		};
		E30457A8286D63BC00B373AD /* PBXTargetDependency */ = {
			isa = PBXTargetDependency;
			target = E3045782286D63BA00B373AD /* EsteeLauderAppChallenge */;
			targetProxy = E30457A7286D63BC00B373AD /* PBXContainerItemProxy */;
		};
/* End PBXTargetDependency section */

/* Begin PBXVariantGroup section */
		E304578C286D63BA00B373AD /* Main.storyboard */ = {
			isa = PBXVariantGroup;
			children = (
				E304578D286D63BA00B373AD /* Base */,
			);
			name = Main.storyboard;
			sourceTree = "<group>";
		};
		E3045794286D63BC00B373AD /* LaunchScreen.storyboard */ = {
			isa = PBXVariantGroup;
			children = (
				E3045795286D63BC00B373AD /* Base */,
			);
			name = LaunchScreen.storyboard;
			sourceTree = "<group>";
		};
/* End PBXVariantGroup section */

/* Begin XCBuildConfiguration section */
		E30457AE286D63BC00B373AD /* Debug */ = {
			isa = XCBuildConfiguration;
			buildSettings = {
				ALWAYS_SEARCH_USER_PATHS = NO;
				CLANG_ANALYZER_NONNULL = YES;
				CLANG_ANALYZER_NUMBER_OBJECT_CONVERSION = YES_AGGRESSIVE;
				CLANG_CXX_LANGUAGE_STANDARD = "gnu++17";
				CLANG_ENABLE_MODULES = YES;
				CLANG_ENABLE_OBJC_ARC = YES;
				CLANG_ENABLE_OBJC_WEAK = YES;
				CLANG_WARN_BLOCK_CAPTURE_AUTORELEASING = YES;
				CLANG_WARN_BOOL_CONVERSION = YES;
				CLANG_WARN_COMMA = YES;
				CLANG_WARN_CONSTANT_CONVERSION = YES;
				CLANG_WARN_DEPRECATED_OBJC_IMPLEMENTATIONS = YES;
				CLANG_WARN_DIRECT_OBJC_ISA_USAGE = YES_ERROR;
				CLANG_WARN_DOCUMENTATION_COMMENTS = YES;
				CLANG_WARN_EMPTY_BODY = YES;
				CLANG_WARN_ENUM_CONVERSION = YES;
				CLANG_WARN_INFINITE_RECURSION = YES;
				CLANG_WARN_INT_CONVERSION = YES;
				CLANG_WARN_NON_LITERAL_NULL_CONVERSION = YES;
				CLANG_WARN_OBJC_IMPLICIT_RETAIN_SELF = YES;
				CLANG_WARN_OBJC_LITERAL_CONVERSION = YES;
				CLANG_WARN_OBJC_ROOT_CLASS = YES_ERROR;
				CLANG_WARN_QUOTED_INCLUDE_IN_FRAMEWORK_HEADER = YES;
				CLANG_WARN_RANGE_LOOP_ANALYSIS = YES;
				CLANG_WARN_STRICT_PROTOTYPES = YES;
				CLANG_WARN_SUSPICIOUS_MOVE = YES;
				CLANG_WARN_UNGUARDED_AVAILABILITY = YES_AGGRESSIVE;
				CLANG_WARN_UNREACHABLE_CODE = YES;
				CLANG_WARN__DUPLICATE_METHOD_MATCH = YES;
				COPY_PHASE_STRIP = NO;
				DEBUG_INFORMATION_FORMAT = dwarf;
				ENABLE_STRICT_OBJC_MSGSEND = YES;
				ENABLE_TESTABILITY = YES;
				GCC_C_LANGUAGE_STANDARD = gnu11;
				GCC_DYNAMIC_NO_PIC = NO;
				GCC_NO_COMMON_BLOCKS = YES;
				GCC_OPTIMIZATION_LEVEL = 0;
				GCC_PREPROCESSOR_DEFINITIONS = (
					"DEBUG=1",
					"$(inherited)",
				);
				GCC_WARN_64_TO_32_BIT_CONVERSION = YES;
				GCC_WARN_ABOUT_RETURN_TYPE = YES_ERROR;
				GCC_WARN_UNDECLARED_SELECTOR = YES;
				GCC_WARN_UNINITIALIZED_AUTOS = YES_AGGRESSIVE;
				GCC_WARN_UNUSED_FUNCTION = YES;
				GCC_WARN_UNUSED_VARIABLE = YES;
				IPHONEOS_DEPLOYMENT_TARGET = 15.5;
				MTL_ENABLE_DEBUG_INFO = INCLUDE_SOURCE;
				MTL_FAST_MATH = YES;
				ONLY_ACTIVE_ARCH = YES;
				SDKROOT = iphoneos;
				SWIFT_ACTIVE_COMPILATION_CONDITIONS = DEBUG;
				SWIFT_OPTIMIZATION_LEVEL = "-Onone";
			};
			name = Debug;
		};
		E30457AF286D63BC00B373AD /* Release */ = {
			isa = XCBuildConfiguration;
			buildSettings = {
				ALWAYS_SEARCH_USER_PATHS = NO;
				CLANG_ANALYZER_NONNULL = YES;
				CLANG_ANALYZER_NUMBER_OBJECT_CONVERSION = YES_AGGRESSIVE;
				CLANG_CXX_LANGUAGE_STANDARD = "gnu++17";
				CLANG_ENABLE_MODULES = YES;
				CLANG_ENABLE_OBJC_ARC = YES;
				CLANG_ENABLE_OBJC_WEAK = YES;
				CLANG_WARN_BLOCK_CAPTURE_AUTORELEASING = YES;
				CLANG_WARN_BOOL_CONVERSION = YES;
				CLANG_WARN_COMMA = YES;
				CLANG_WARN_CONSTANT_CONVERSION = YES;
				CLANG_WARN_DEPRECATED_OBJC_IMPLEMENTATIONS = YES;
				CLANG_WARN_DIRECT_OBJC_ISA_USAGE = YES_ERROR;
				CLANG_WARN_DOCUMENTATION_COMMENTS = YES;
				CLANG_WARN_EMPTY_BODY = YES;
				CLANG_WARN_ENUM_CONVERSION = YES;
				CLANG_WARN_INFINITE_RECURSION = YES;
				CLANG_WARN_INT_CONVERSION = YES;
				CLANG_WARN_NON_LITERAL_NULL_CONVERSION = YES;
				CLANG_WARN_OBJC_IMPLICIT_RETAIN_SELF = YES;
				CLANG_WARN_OBJC_LITERAL_CONVERSION = YES;
				CLANG_WARN_OBJC_ROOT_CLASS = YES_ERROR;
				CLANG_WARN_QUOTED_INCLUDE_IN_FRAMEWORK_HEADER = YES;
				CLANG_WARN_RANGE_LOOP_ANALYSIS = YES;
				CLANG_WARN_STRICT_PROTOTYPES = YES;
				CLANG_WARN_SUSPICIOUS_MOVE = YES;
				CLANG_WARN_UNGUARDED_AVAILABILITY = YES_AGGRESSIVE;
				CLANG_WARN_UNREACHABLE_CODE = YES;
				CLANG_WARN__DUPLICATE_METHOD_MATCH = YES;
				COPY_PHASE_STRIP = NO;
				DEBUG_INFORMATION_FORMAT = "dwarf-with-dsym";
				ENABLE_NS_ASSERTIONS = NO;
				ENABLE_STRICT_OBJC_MSGSEND = YES;
				GCC_C_LANGUAGE_STANDARD = gnu11;
				GCC_NO_COMMON_BLOCKS = YES;
				GCC_WARN_64_TO_32_BIT_CONVERSION = YES;
				GCC_WARN_ABOUT_RETURN_TYPE = YES_ERROR;
				GCC_WARN_UNDECLARED_SELECTOR = YES;
				GCC_WARN_UNINITIALIZED_AUTOS = YES_AGGRESSIVE;
				GCC_WARN_UNUSED_FUNCTION = YES;
				GCC_WARN_UNUSED_VARIABLE = YES;
				IPHONEOS_DEPLOYMENT_TARGET = 15.5;
				MTL_ENABLE_DEBUG_INFO = NO;
				MTL_FAST_MATH = YES;
				SDKROOT = iphoneos;
				SWIFT_COMPILATION_MODE = wholemodule;
				SWIFT_OPTIMIZATION_LEVEL = "-O";
				VALIDATE_PRODUCT = YES;
			};
			name = Release;
		};
		E30457B1286D63BC00B373AD /* Debug */ = {
			isa = XCBuildConfiguration;
			buildSettings = {
				ASSETCATALOG_COMPILER_APPICON_NAME = AppIcon;
				ASSETCATALOG_COMPILER_GLOBAL_ACCENT_COLOR_NAME = AccentColor;
				CODE_SIGN_STYLE = Automatic;
				CURRENT_PROJECT_VERSION = 1;
				DEVELOPMENT_TEAM = 7VQM2KGURA;
				GENERATE_INFOPLIST_FILE = YES;
				INFOPLIST_FILE = EsteeLauderAppChallenge/Info.plist;
				INFOPLIST_KEY_UIApplicationSupportsIndirectInputEvents = YES;
				INFOPLIST_KEY_UILaunchStoryboardName = LaunchScreen;
				INFOPLIST_KEY_UIMainStoryboardFile = Main;
				INFOPLIST_KEY_UISupportedInterfaceOrientations_iPad = "UIInterfaceOrientationPortrait UIInterfaceOrientationPortraitUpsideDown UIInterfaceOrientationLandscapeLeft UIInterfaceOrientationLandscapeRight";
				INFOPLIST_KEY_UISupportedInterfaceOrientations_iPhone = "UIInterfaceOrientationPortrait UIInterfaceOrientationLandscapeLeft UIInterfaceOrientationLandscapeRight";
				LD_RUNPATH_SEARCH_PATHS = (
					"$(inherited)",
					"@executable_path/Frameworks",
				);
				MARKETING_VERSION = 1.0;
				PRODUCT_BUNDLE_IDENTIFIER = jade.EsteeLauderAppChallenge;
				PRODUCT_NAME = "$(TARGET_NAME)";
				SWIFT_EMIT_LOC_STRINGS = YES;
				SWIFT_VERSION = 5.0;
				TARGETED_DEVICE_FAMILY = "1,2";
			};
			name = Debug;
		};
		E30457B2286D63BC00B373AD /* Release */ = {
			isa = XCBuildConfiguration;
			buildSettings = {
				ASSETCATALOG_COMPILER_APPICON_NAME = AppIcon;
				ASSETCATALOG_COMPILER_GLOBAL_ACCENT_COLOR_NAME = AccentColor;
				CODE_SIGN_STYLE = Automatic;
				CURRENT_PROJECT_VERSION = 1;
				DEVELOPMENT_TEAM = 7VQM2KGURA;
				GENERATE_INFOPLIST_FILE = YES;
				INFOPLIST_FILE = EsteeLauderAppChallenge/Info.plist;
				INFOPLIST_KEY_UIApplicationSupportsIndirectInputEvents = YES;
				INFOPLIST_KEY_UILaunchStoryboardName = LaunchScreen;
				INFOPLIST_KEY_UIMainStoryboardFile = Main;
				INFOPLIST_KEY_UISupportedInterfaceOrientations_iPad = "UIInterfaceOrientationPortrait UIInterfaceOrientationPortraitUpsideDown UIInterfaceOrientationLandscapeLeft UIInterfaceOrientationLandscapeRight";
				INFOPLIST_KEY_UISupportedInterfaceOrientations_iPhone = "UIInterfaceOrientationPortrait UIInterfaceOrientationLandscapeLeft UIInterfaceOrientationLandscapeRight";
				LD_RUNPATH_SEARCH_PATHS = (
					"$(inherited)",
					"@executable_path/Frameworks",
				);
				MARKETING_VERSION = 1.0;
				PRODUCT_BUNDLE_IDENTIFIER = jade.EsteeLauderAppChallenge;
				PRODUCT_NAME = "$(TARGET_NAME)";
				SWIFT_EMIT_LOC_STRINGS = YES;
				SWIFT_VERSION = 5.0;
				TARGETED_DEVICE_FAMILY = "1,2";
			};
			name = Release;
		};
		E30457B4286D63BC00B373AD /* Debug */ = {
			isa = XCBuildConfiguration;
			buildSettings = {
				ALWAYS_EMBED_SWIFT_STANDARD_LIBRARIES = YES;
				BUNDLE_LOADER = "$(TEST_HOST)";
				CODE_SIGN_STYLE = Automatic;
				CURRENT_PROJECT_VERSION = 1;
				DEVELOPMENT_TEAM = 7VQM2KGURA;
				GENERATE_INFOPLIST_FILE = YES;
				IPHONEOS_DEPLOYMENT_TARGET = 15.5;
				MARKETING_VERSION = 1.0;
				PRODUCT_BUNDLE_IDENTIFIER = jade.EsteeLauderAppChallengeTests;
				PRODUCT_NAME = "$(TARGET_NAME)";
				SWIFT_EMIT_LOC_STRINGS = NO;
				SWIFT_VERSION = 5.0;
				TARGETED_DEVICE_FAMILY = "1,2";
				TEST_HOST = "$(BUILT_PRODUCTS_DIR)/EsteeLauderAppChallenge.app/EsteeLauderAppChallenge";
			};
			name = Debug;
		};
		E30457B5286D63BC00B373AD /* Release */ = {
			isa = XCBuildConfiguration;
			buildSettings = {
				ALWAYS_EMBED_SWIFT_STANDARD_LIBRARIES = YES;
				BUNDLE_LOADER = "$(TEST_HOST)";
				CODE_SIGN_STYLE = Automatic;
				CURRENT_PROJECT_VERSION = 1;
				DEVELOPMENT_TEAM = 7VQM2KGURA;
				GENERATE_INFOPLIST_FILE = YES;
				IPHONEOS_DEPLOYMENT_TARGET = 15.5;
				MARKETING_VERSION = 1.0;
				PRODUCT_BUNDLE_IDENTIFIER = jade.EsteeLauderAppChallengeTests;
				PRODUCT_NAME = "$(TARGET_NAME)";
				SWIFT_EMIT_LOC_STRINGS = NO;
				SWIFT_VERSION = 5.0;
				TARGETED_DEVICE_FAMILY = "1,2";
				TEST_HOST = "$(BUILT_PRODUCTS_DIR)/EsteeLauderAppChallenge.app/EsteeLauderAppChallenge";
			};
			name = Release;
		};
		E30457B7286D63BC00B373AD /* Debug */ = {
			isa = XCBuildConfiguration;
			buildSettings = {
				ALWAYS_EMBED_SWIFT_STANDARD_LIBRARIES = YES;
				CODE_SIGN_STYLE = Automatic;
				CURRENT_PROJECT_VERSION = 1;
				DEVELOPMENT_TEAM = 7VQM2KGURA;
				GENERATE_INFOPLIST_FILE = YES;
				MARKETING_VERSION = 1.0;
				PRODUCT_BUNDLE_IDENTIFIER = jade.EsteeLauderAppChallengeUITests;
				PRODUCT_NAME = "$(TARGET_NAME)";
				SWIFT_EMIT_LOC_STRINGS = NO;
				SWIFT_VERSION = 5.0;
				TARGETED_DEVICE_FAMILY = "1,2";
				TEST_TARGET_NAME = EsteeLauderAppChallenge;
			};
			name = Debug;
		};
		E30457B8286D63BC00B373AD /* Release */ = {
			isa = XCBuildConfiguration;
			buildSettings = {
				ALWAYS_EMBED_SWIFT_STANDARD_LIBRARIES = YES;
				CODE_SIGN_STYLE = Automatic;
				CURRENT_PROJECT_VERSION = 1;
				DEVELOPMENT_TEAM = 7VQM2KGURA;
				GENERATE_INFOPLIST_FILE = YES;
				MARKETING_VERSION = 1.0;
				PRODUCT_BUNDLE_IDENTIFIER = jade.EsteeLauderAppChallengeUITests;
				PRODUCT_NAME = "$(TARGET_NAME)";
				SWIFT_EMIT_LOC_STRINGS = NO;
				SWIFT_VERSION = 5.0;
				TARGETED_DEVICE_FAMILY = "1,2";
				TEST_TARGET_NAME = EsteeLauderAppChallenge;
			};
			name = Release;
		};
/* End XCBuildConfiguration section */

/* Begin XCConfigurationList section */
		E304577E286D63BA00B373AD /* Build configuration list for PBXProject "EsteeLauderAppChallenge" */ = {
			isa = XCConfigurationList;
			buildConfigurations = (
				E30457AE286D63BC00B373AD /* Debug */,
				E30457AF286D63BC00B373AD /* Release */,
			);
			defaultConfigurationIsVisible = 0;
			defaultConfigurationName = Release;
		};
		E30457B0286D63BC00B373AD /* Build configuration list for PBXNativeTarget "EsteeLauderAppChallenge" */ = {
			isa = XCConfigurationList;
			buildConfigurations = (
				E30457B1286D63BC00B373AD /* Debug */,
				E30457B2286D63BC00B373AD /* Release */,
			);
			defaultConfigurationIsVisible = 0;
			defaultConfigurationName = Release;
		};
		E30457B3286D63BC00B373AD /* Build configuration list for PBXNativeTarget "EsteeLauderAppChallengeTests" */ = {
			isa = XCConfigurationList;
			buildConfigurations = (
				E30457B4286D63BC00B373AD /* Debug */,
				E30457B5286D63BC00B373AD /* Release */,
			);
			defaultConfigurationIsVisible = 0;
			defaultConfigurationName = Release;
		};
		E30457B6286D63BC00B373AD /* Build configuration list for PBXNativeTarget "EsteeLauderAppChallengeUITests" */ = {
			isa = XCConfigurationList;
			buildConfigurations = (
				E30457B7286D63BC00B373AD /* Debug */,
				E30457B8286D63BC00B373AD /* Release */,
			);
			defaultConfigurationIsVisible = 0;
			defaultConfigurationName = Release;
		};
/* End XCConfigurationList section */

/* Begin XCVersionGroup section */
		E304578F286D63BA00B373AD /* EsteeLauderAppChallenge.xcdatamodeld */ = {
			isa = XCVersionGroup;
			children = (
				E3045790286D63BA00B373AD /* EsteeLauderAppChallenge.xcdatamodel */,
			);
			currentVersion = E3045790286D63BA00B373AD /* EsteeLauderAppChallenge.xcdatamodel */;
			path = EsteeLauderAppChallenge.xcdatamodeld;
			sourceTree = "<group>";
			versionGroupType = wrapper.xcdatamodel;
		};
/* End XCVersionGroup section */
	};
	rootObject = E304577B286D63BA00B373AD /* Project object */;
}
